// !$*UTF8*$!
{
	archiveVersion = 1;
	classes = {
	};
	objectVersion = 46;
	objects = {

/* Begin PBXBuildFile section */
		5FD51FB81D6EFBBF007E6851 /* main.m in Sources */ = {isa = PBXBuildFile; fileRef = 5FD51FB71D6EFBBF007E6851 /* main.m */; };
		5FD51FBB1D6EFBBF007E6851 /* AppDelegate.m in Sources */ = {isa = PBXBuildFile; fileRef = 5FD51FBA1D6EFBBF007E6851 /* AppDelegate.m */; };
		5FD51FBE1D6EFBBF007E6851 /* ViewController.m in Sources */ = {isa = PBXBuildFile; fileRef = 5FD51FBD1D6EFBBF007E6851 /* ViewController.m */; };
		5FD51FC11D6EFBBF007E6851 /* Main.storyboard in Resources */ = {isa = PBXBuildFile; fileRef = 5FD51FBF1D6EFBBF007E6851 /* Main.storyboard */; };
		5FD51FC31D6EFBBF007E6851 /* Assets.xcassets in Resources */ = {isa = PBXBuildFile; fileRef = 5FD51FC21D6EFBBF007E6851 /* Assets.xcassets */; };
		5FD51FC61D6EFBBF007E6851 /* LaunchScreen.storyboard in Resources */ = {isa = PBXBuildFile; fileRef = 5FD51FC41D6EFBBF007E6851 /* LaunchScreen.storyboard */; };
		5FD51FD11D6EFBBF007E6851 /* OOPTests.m in Sources */ = {isa = PBXBuildFile; fileRef = 5FD51FD01D6EFBBF007E6851 /* OOPTests.m */; };
		5FD51FDC1D6EFBBF007E6851 /* OOPUITests.m in Sources */ = {isa = PBXBuildFile; fileRef = 5FD51FDB1D6EFBBF007E6851 /* OOPUITests.m */; };
/* End PBXBuildFile section */

/* Begin PBXContainerItemProxy section */
		5FD51FCD1D6EFBBF007E6851 /* PBXContainerItemProxy */ = {
			isa = PBXContainerItemProxy;
			containerPortal = 5FD51FAB1D6EFBBF007E6851 /* Project object */;
			proxyType = 1;
			remoteGlobalIDString = 5FD51FB21D6EFBBF007E6851;
			remoteInfo = OOP;
		};
		5FD51FD81D6EFBBF007E6851 /* PBXContainerItemProxy */ = {
			isa = PBXContainerItemProxy;
			containerPortal = 5FD51FAB1D6EFBBF007E6851 /* Project object */;
			proxyType = 1;
			remoteGlobalIDString = 5FD51FB21D6EFBBF007E6851;
			remoteInfo = OOP;
		};
/* End PBXContainerItemProxy section */

/* Begin PBXFileReference section */
		5FD51FB31D6EFBBF007E6851 /* OOP.app */ = {isa = PBXFileReference; explicitFileType = wrapper.application; includeInIndex = 0; path = OOP.app; sourceTree = BUILT_PRODUCTS_DIR; };
		5FD51FB71D6EFBBF007E6851 /* main.m */ = {isa = PBXFileReference; lastKnownFileType = sourcecode.c.objc; path = main.m; sourceTree = "<group>"; };
		5FD51FB91D6EFBBF007E6851 /* AppDelegate.h */ = {isa = PBXFileReference; lastKnownFileType = sourcecode.c.h; path = AppDelegate.h; sourceTree = "<group>"; };
		5FD51FBA1D6EFBBF007E6851 /* AppDelegate.m */ = {isa = PBXFileReference; lastKnownFileType = sourcecode.c.objc; path = AppDelegate.m; sourceTree = "<group>"; };
		5FD51FBC1D6EFBBF007E6851 /* ViewController.h */ = {isa = PBXFileReference; lastKnownFileType = sourcecode.c.h; path = ViewController.h; sourceTree = "<group>"; };
		5FD51FBD1D6EFBBF007E6851 /* ViewController.m */ = {isa = PBXFileReference; lastKnownFileType = sourcecode.c.objc; path = ViewController.m; sourceTree = "<group>"; };
		5FD51FC01D6EFBBF007E6851 /* Base */ = {isa = PBXFileReference; lastKnownFileType = file.storyboard; name = Base; path = Base.lproj/Main.storyboard; sourceTree = "<group>"; };
		5FD51FC21D6EFBBF007E6851 /* Assets.xcassets */ = {isa = PBXFileReference; lastKnownFileType = folder.assetcatalog; path = Assets.xcassets; sourceTree = "<group>"; };
		5FD51FC51D6EFBBF007E6851 /* Base */ = {isa = PBXFileReference; lastKnownFileType = file.storyboard; name = Base; path = Base.lproj/LaunchScreen.storyboard; sourceTree = "<group>"; };
		5FD51FC71D6EFBBF007E6851 /* Info.plist */ = {isa = PBXFileReference; lastKnownFileType = text.plist.xml; path = Info.plist; sourceTree = "<group>"; };
		5FD51FCC1D6EFBBF007E6851 /* OOPTests.xctest */ = {isa = PBXFileReference; explicitFileType = wrapper.cfbundle; includeInIndex = 0; path = OOPTests.xctest; sourceTree = BUILT_PRODUCTS_DIR; };
		5FD51FD01D6EFBBF007E6851 /* OOPTests.m */ = {isa = PBXFileReference; lastKnownFileType = sourcecode.c.objc; path = OOPTests.m; sourceTree = "<group>"; };
		5FD51FD21D6EFBBF007E6851 /* Info.plist */ = {isa = PBXFileReference; lastKnownFileType = text.plist.xml; path = Info.plist; sourceTree = "<group>"; };
		5FD51FD71D6EFBBF007E6851 /* OOPUITests.xctest */ = {isa = PBXFileReference; explicitFileType = wrapper.cfbundle; includeInIndex = 0; path = OOPUITests.xctest; sourceTree = BUILT_PRODUCTS_DIR; };
		5FD51FDB1D6EFBBF007E6851 /* OOPUITests.m */ = {isa = PBXFileReference; lastKnownFileType = sourcecode.c.objc; path = OOPUITests.m; sourceTree = "<group>"; };
		5FD51FDD1D6EFBBF007E6851 /* Info.plist */ = {isa = PBXFileReference; lastKnownFileType = text.plist.xml; path = Info.plist; sourceTree = "<group>"; };
/* End PBXFileReference section */

/* Begin PBXFrameworksBuildPhase section */
		5FD51FB01D6EFBBF007E6851 /* Frameworks */ = {
			isa = PBXFrameworksBuildPhase;
			buildActionMask = 2147483647;
			files = (
			);
			runOnlyForDeploymentPostprocessing = 0;
		};
		5FD51FC91D6EFBBF007E6851 /* Frameworks */ = {
			isa = PBXFrameworksBuildPhase;
			buildActionMask = 2147483647;
			files = (
			);
			runOnlyForDeploymentPostprocessing = 0;
		};
		5FD51FD41D6EFBBF007E6851 /* Frameworks */ = {
			isa = PBXFrameworksBuildPhase;
			buildActionMask = 2147483647;
			files = (
			);
			runOnlyForDeploymentPostprocessing = 0;
		};
/* End PBXFrameworksBuildPhase section */

/* Begin PBXGroup section */
		5FD51FAA1D6EFBBF007E6851 = {
			isa = PBXGroup;
			children = (
				5FD51FB51D6EFBBF007E6851 /* OOP */,
				5FD51FCF1D6EFBBF007E6851 /* OOPTests */,
				5FD51FDA1D6EFBBF007E6851 /* OOPUITests */,
				5FD51FB41D6EFBBF007E6851 /* Products */,
			);
			sourceTree = "<group>";
		};
		5FD51FB41D6EFBBF007E6851 /* Products */ = {
			isa = PBXGroup;
			children = (
				5FD51FB31D6EFBBF007E6851 /* OOP.app */,
				5FD51FCC1D6EFBBF007E6851 /* OOPTests.xctest */,
				5FD51FD71D6EFBBF007E6851 /* OOPUITests.xctest */,
			);
			name = Products;
			sourceTree = "<group>";
		};
		5FD51FB51D6EFBBF007E6851 /* OOP */ = {
			isa = PBXGroup;
			children = (
				5FD51FB91D6EFBBF007E6851 /* AppDelegate.h */,
				5FD51FBA1D6EFBBF007E6851 /* AppDelegate.m */,
				5FD51FBC1D6EFBBF007E6851 /* ViewController.h */,
				5FD51FBD1D6EFBBF007E6851 /* ViewController.m */,
				5FD51FBF1D6EFBBF007E6851 /* Main.storyboard */,
				5FD51FC21D6EFBBF007E6851 /* Assets.xcassets */,
				5FD51FC41D6EFBBF007E6851 /* LaunchScreen.storyboard */,
				5FD51FC71D6EFBBF007E6851 /* Info.plist */,
				5FD51FB61D6EFBBF007E6851 /* Supporting Files */,
			);
			path = OOP;
			sourceTree = "<group>";
		};
		5FD51FB61D6EFBBF007E6851 /* Supporting Files */ = {
			isa = PBXGroup;
			children = (
				5FD51FB71D6EFBBF007E6851 /* main.m */,
			);
			name = "Supporting Files";
			sourceTree = "<group>";
		};
		5FD51FCF1D6EFBBF007E6851 /* OOPTests */ = {
			isa = PBXGroup;
			children = (
				5FD51FD01D6EFBBF007E6851 /* OOPTests.m */,
				5FD51FD21D6EFBBF007E6851 /* Info.plist */,
			);
			path = OOPTests;
			sourceTree = "<group>";
		};
		5FD51FDA1D6EFBBF007E6851 /* OOPUITests */ = {
			isa = PBXGroup;
			children = (
				5FD51FDB1D6EFBBF007E6851 /* OOPUITests.m */,
				5FD51FDD1D6EFBBF007E6851 /* Info.plist */,
			);
			path = OOPUITests;
			sourceTree = "<group>";
		};
/* End PBXGroup section */

/* Begin PBXNativeTarget section */
		5FD51FB21D6EFBBF007E6851 /* OOP */ = {
			isa = PBXNativeTarget;
			buildConfigurationList = 5FD51FE01D6EFBBF007E6851 /* Build configuration list for PBXNativeTarget "OOP" */;
			buildPhases = (
				5FD51FAF1D6EFBBF007E6851 /* Sources */,
				5FD51FB01D6EFBBF007E6851 /* Frameworks */,
				5FD51FB11D6EFBBF007E6851 /* Resources */,
			);
			buildRules = (
			);
			dependencies = (
			);
			name = OOP;
			productName = OOP;
			productReference = 5FD51FB31D6EFBBF007E6851 /* OOP.app */;
			productType = "com.apple.product-type.application";
		};
		5FD51FCB1D6EFBBF007E6851 /* OOPTests */ = {
			isa = PBXNativeTarget;
			buildConfigurationList = 5FD51FE31D6EFBBF007E6851 /* Build configuration list for PBXNativeTarget "OOPTests" */;
			buildPhases = (
				5FD51FC81D6EFBBF007E6851 /* Sources */,
				5FD51FC91D6EFBBF007E6851 /* Frameworks */,
				5FD51FCA1D6EFBBF007E6851 /* Resources */,
			);
			buildRules = (
			);
			dependencies = (
				5FD51FCE1D6EFBBF007E6851 /* PBXTargetDependency */,
			);
			name = OOPTests;
			productName = OOPTests;
			productReference = 5FD51FCC1D6EFBBF007E6851 /* OOPTests.xctest */;
			productType = "com.apple.product-type.bundle.unit-test";
		};
		5FD51FD61D6EFBBF007E6851 /* OOPUITests */ = {
			isa = PBXNativeTarget;
			buildConfigurationList = 5FD51FE61D6EFBBF007E6851 /* Build configuration list for PBXNativeTarget "OOPUITests" */;
			buildPhases = (
				5FD51FD31D6EFBBF007E6851 /* Sources */,
				5FD51FD41D6EFBBF007E6851 /* Frameworks */,
				5FD51FD51D6EFBBF007E6851 /* Resources */,
			);
			buildRules = (
			);
			dependencies = (
				5FD51FD91D6EFBBF007E6851 /* PBXTargetDependency */,
			);
			name = OOPUITests;
			productName = OOPUITests;
			productReference = 5FD51FD71D6EFBBF007E6851 /* OOPUITests.xctest */;
			productType = "com.apple.product-type.bundle.ui-testing";
		};
/* End PBXNativeTarget section */

/* Begin PBXProject section */
		5FD51FAB1D6EFBBF007E6851 /* Project object */ = {
			isa = PBXProject;
			attributes = {
				LastUpgradeCheck = 0730;
				ORGANIZATIONNAME = "邹伟芳";
				TargetAttributes = {
					5FD51FB21D6EFBBF007E6851 = {
						CreatedOnToolsVersion = 7.3.1;
					};
					5FD51FCB1D6EFBBF007E6851 = {
						CreatedOnToolsVersion = 7.3.1;
						TestTargetID = 5FD51FB21D6EFBBF007E6851;
					};
					5FD51FD61D6EFBBF007E6851 = {
						CreatedOnToolsVersion = 7.3.1;
						TestTargetID = 5FD51FB21D6EFBBF007E6851;
					};
				};
			};
			buildConfigurationList = 5FD51FAE1D6EFBBF007E6851 /* Build configuration list for PBXProject "OOP" */;
			compatibilityVersion = "Xcode 3.2";
			developmentRegion = English;
			hasScannedForEncodings = 0;
			knownRegions = (
				en,
				Base,
			);
			mainGroup = 5FD51FAA1D6EFBBF007E6851;
			productRefGroup = 5FD51FB41D6EFBBF007E6851 /* Products */;
			projectDirPath = "";
			projectRoot = "";
			targets = (
				5FD51FB21D6EFBBF007E6851 /* OOP */,
				5FD51FCB1D6EFBBF007E6851 /* OOPTests */,
				5FD51FD61D6EFBBF007E6851 /* OOPUITests */,
			);
		};
/* End PBXProject section */

/* Begin PBXResourcesBuildPhase section */
		5FD51FB11D6EFBBF007E6851 /* Resources */ = {
			isa = PBXResourcesBuildPhase;
			buildActionMask = 2147483647;
			files = (
				5FD51FC61D6EFBBF007E6851 /* LaunchScreen.storyboard in Resources */,
				5FD51FC31D6EFBBF007E6851 /* Assets.xcassets in Resources */,
				5FD51FC11D6EFBBF007E6851 /* Main.storyboard in Resources */,
			);
			runOnlyForDeploymentPostprocessing = 0;
		};
		5FD51FCA1D6EFBBF007E6851 /* Resources */ = {
			isa = PBXResourcesBuildPhase;
			buildActionMask = 2147483647;
			files = (
			);
			runOnlyForDeploymentPostprocessing = 0;
		};
		5FD51FD51D6EFBBF007E6851 /* Resources */ = {
			isa = PBXResourcesBuildPhase;
			buildActionMask = 2147483647;
			files = (
			);
			runOnlyForDeploymentPostprocessing = 0;
		};
/* End PBXResourcesBuildPhase section */

/* Begin PBXSourcesBuildPhase section */
		5FD51FAF1D6EFBBF007E6851 /* Sources */ = {
			isa = PBXSourcesBuildPhase;
			buildActionMask = 2147483647;
			files = (
				5FD51FBE1D6EFBBF007E6851 /* ViewController.m in Sources */,
				5FD51FBB1D6EFBBF007E6851 /* AppDelegate.m in Sources */,
				5FD51FB81D6EFBBF007E6851 /* main.m in Sources */,
			);
			runOnlyForDeploymentPostprocessing = 0;
		};
		5FD51FC81D6EFBBF007E6851 /* Sources */ = {
			isa = PBXSourcesBuildPhase;
			buildActionMask = 2147483647;
			files = (
				5FD51FD11D6EFBBF007E6851 /* OOPTests.m in Sources */,
			);
			runOnlyForDeploymentPostprocessing = 0;
		};
		5FD51FD31D6EFBBF007E6851 /* Sources */ = {
			isa = PBXSourcesBuildPhase;
			buildActionMask = 2147483647;
			files = (
				5FD51FDC1D6EFBBF007E6851 /* OOPUITests.m in Sources */,
			);
			runOnlyForDeploymentPostprocessing = 0;
		};
/* End PBXSourcesBuildPhase section */

/* Begin PBXTargetDependency section */
		5FD51FCE1D6EFBBF007E6851 /* PBXTargetDependency */ = {
			isa = PBXTargetDependency;
			target = 5FD51FB21D6EFBBF007E6851 /* OOP */;
			targetProxy = 5FD51FCD1D6EFBBF007E6851 /* PBXContainerItemProxy */;
		};
		5FD51FD91D6EFBBF007E6851 /* PBXTargetDependency */ = {
			isa = PBXTargetDependency;
			target = 5FD51FB21D6EFBBF007E6851 /* OOP */;
			targetProxy = 5FD51FD81D6EFBBF007E6851 /* PBXContainerItemProxy */;
		};
/* End PBXTargetDependency section */

/* Begin PBXVariantGroup section */
		5FD51FBF1D6EFBBF007E6851 /* Main.storyboard */ = {
			isa = PBXVariantGroup;
			children = (
				5FD51FC01D6EFBBF007E6851 /* Base */,
			);
			name = Main.storyboard;
			sourceTree = "<group>";
		};
		5FD51FC41D6EFBBF007E6851 /* LaunchScreen.storyboard */ = {
			isa = PBXVariantGroup;
			children = (
				5FD51FC51D6EFBBF007E6851 /* Base */,
			);
			name = LaunchScreen.storyboard;
			sourceTree = "<group>";
		};
/* End PBXVariantGroup section */

/* Begin XCBuildConfiguration section */
		5FD51FDE1D6EFBBF007E6851 /* Debug */ = {
			isa = XCBuildConfiguration;
			buildSettings = {
				ALWAYS_SEARCH_USER_PATHS = NO;
				CLANG_ANALYZER_NONNULL = YES;
				CLANG_CXX_LANGUAGE_STANDARD = "gnu++0x";
				CLANG_CXX_LIBRARY = "libc++";
				CLANG_ENABLE_MODULES = YES;
				CLANG_ENABLE_OBJC_ARC = YES;
				CLANG_WARN_BOOL_CONVERSION = YES;
				CLANG_WARN_CONSTANT_CONVERSION = YES;
				CLANG_WARN_DIRECT_OBJC_ISA_USAGE = YES_ERROR;
				CLANG_WARN_EMPTY_BODY = YES;
				CLANG_WARN_ENUM_CONVERSION = YES;
				CLANG_WARN_INT_CONVERSION = YES;
				CLANG_WARN_OBJC_ROOT_CLASS = YES_ERROR;
				CLANG_WARN_UNREACHABLE_CODE = YES;
				CLANG_WARN__DUPLICATE_METHOD_MATCH = YES;
				"CODE_SIGN_IDENTITY[sdk=iphoneos*]" = "iPhone Developer";
				COPY_PHASE_STRIP = NO;
				DEBUG_INFORMATION_FORMAT = dwarf;
				ENABLE_STRICT_OBJC_MSGSEND = YES;
				ENABLE_TESTABILITY = YES;
				GCC_C_LANGUAGE_STANDARD = gnu99;
				GCC_DYNAMIC_NO_PIC = NO;
				GCC_NO_COMMON_BLOCKS = YES;
				GCC_OPTIMIZATION_LEVEL = 0;
				GCC_PREPROCESSOR_DEFINITIONS = (
					"DEBUG=1",
					"$(inherited)",
				);
				GCC_WARN_64_TO_32_BIT_CONVERSION = YES;
				GCC_WARN_ABOUT_RETURN_TYPE = YES_ERROR;
				GCC_WARN_UNDECLARED_SELECTOR = YES;
				GCC_WARN_UNINITIALIZED_AUTOS = YES_AGGRESSIVE;
				GCC_WARN_UNUSED_FUNCTION = YES;
				GCC_WARN_UNUSED_VARIABLE = YES;
				IPHONEOS_DEPLOYMENT_TARGET = 9.3;
				MTL_ENABLE_DEBUG_INFO = YES;
				ONLY_ACTIVE_ARCH = YES;
				SDKROOT = iphoneos;
			};
			name = Debug;
		};
		5FD51FDF1D6EFBBF007E6851 /* Release */ = {
			isa = XCBuildConfiguration;
			buildSettings = {
				ALWAYS_SEARCH_USER_PATHS = NO;
				CLANG_ANALYZER_NONNULL = YES;
				CLANG_CXX_LANGUAGE_STANDARD = "gnu++0x";
				CLANG_CXX_LIBRARY = "libc++";
				CLANG_ENABLE_MODULES = YES;
				CLANG_ENABLE_OBJC_ARC = YES;
				CLANG_WARN_BOOL_CONVERSION = YES;
				CLANG_WARN_CONSTANT_CONVERSION = YES;
				CLANG_WARN_DIRECT_OBJC_ISA_USAGE = YES_ERROR;
				CLANG_WARN_EMPTY_BODY = YES;
				CLANG_WARN_ENUM_CONVERSION = YES;
				CLANG_WARN_INT_CONVERSION = YES;
				CLANG_WARN_OBJC_ROOT_CLASS = YES_ERROR;
				CLANG_WARN_UNREACHABLE_CODE = YES;
				CLANG_WARN__DUPLICATE_METHOD_MATCH = YES;
				"CODE_SIGN_IDENTITY[sdk=iphoneos*]" = "iPhone Developer";
				COPY_PHASE_STRIP = NO;
				DEBUG_INFORMATION_FORMAT = "dwarf-with-dsym";
				ENABLE_NS_ASSERTIONS = NO;
				ENABLE_STRICT_OBJC_MSGSEND = YES;
				GCC_C_LANGUAGE_STANDARD = gnu99;
				GCC_NO_COMMON_BLOCKS = YES;
				GCC_WARN_64_TO_32_BIT_CONVERSION = YES;
				GCC_WARN_ABOUT_RETURN_TYPE = YES_ERROR;
				GCC_WARN_UNDECLARED_SELECTOR = YES;
				GCC_WARN_UNINITIALIZED_AUTOS = YES_AGGRESSIVE;
				GCC_WARN_UNUSED_FUNCTION = YES;
				GCC_WARN_UNUSED_VARIABLE = YES;
				IPHONEOS_DEPLOYMENT_TARGET = 9.3;
				MTL_ENABLE_DEBUG_INFO = NO;
				SDKROOT = iphoneos;
				VALIDATE_PRODUCT = YES;
			};
			name = Release;
		};
		5FD51FE11D6EFBBF007E6851 /* Debug */ = {
			isa = XCBuildConfiguration;
			buildSettings = {
				ASSETCATALOG_COMPILER_APPICON_NAME = AppIcon;
				INFOPLIST_FILE = OOP/Info.plist;
				LD_RUNPATH_SEARCH_PATHS = "$(inherited) @executable_path/Frameworks";
				PRODUCT_BUNDLE_IDENTIFIER = ttpai.com.OOP;
				PRODUCT_NAME = "$(TARGET_NAME)";
			};
			name = Debug;
		};
		5FD51FE21D6EFBBF007E6851 /* Release */ = {
			isa = XCBuildConfiguration;
			buildSettings = {
				ASSETCATALOG_COMPILER_APPICON_NAME = AppIcon;
				INFOPLIST_FILE = OOP/Info.plist;
				LD_RUNPATH_SEARCH_PATHS = "$(inherited) @executable_path/Frameworks";
				PRODUCT_BUNDLE_IDENTIFIER = ttpai.com.OOP;
				PRODUCT_NAME = "$(TARGET_NAME)";
			};
			name = Release;
		};
		5FD51FE41D6EFBBF007E6851 /* Debug */ = {
			isa = XCBuildConfiguration;
			buildSettings = {
				BUNDLE_LOADER = "$(TEST_HOST)";
				INFOPLIST_FILE = OOPTests/Info.plist;
				LD_RUNPATH_SEARCH_PATHS = "$(inherited) @executable_path/Frameworks @loader_path/Frameworks";
				PRODUCT_BUNDLE_IDENTIFIER = ttpai.com.OOPTests;
				PRODUCT_NAME = "$(TARGET_NAME)";
				TEST_HOST = "$(BUILT_PRODUCTS_DIR)/OOP.app/OOP";
			};
			name = Debug;
		};
		5FD51FE51D6EFBBF007E6851 /* Release */ = {
			isa = XCBuildConfiguration;
			buildSettings = {
				BUNDLE_LOADER = "$(TEST_HOST)";
				INFOPLIST_FILE = OOPTests/Info.plist;
				LD_RUNPATH_SEARCH_PATHS = "$(inherited) @executable_path/Frameworks @loader_path/Frameworks";
				PRODUCT_BUNDLE_IDENTIFIER = ttpai.com.OOPTests;
				PRODUCT_NAME = "$(TARGET_NAME)";
				TEST_HOST = "$(BUILT_PRODUCTS_DIR)/OOP.app/OOP";
			};
			name = Release;
		};
		5FD51FE71D6EFBBF007E6851 /* Debug */ = {
			isa = XCBuildConfiguration;
			buildSettings = {
				INFOPLIST_FILE = OOPUITests/Info.plist;
				LD_RUNPATH_SEARCH_PATHS = "$(inherited) @executable_path/Frameworks @loader_path/Frameworks";
				PRODUCT_BUNDLE_IDENTIFIER = ttpai.com.OOPUITests;
				PRODUCT_NAME = "$(TARGET_NAME)";
				TEST_TARGET_NAME = OOP;
			};
			name = Debug;
		};
		5FD51FE81D6EFBBF007E6851 /* Release */ = {
			isa = XCBuildConfiguration;
			buildSettings = {
				INFOPLIST_FILE = OOPUITests/Info.plist;
				LD_RUNPATH_SEARCH_PATHS = "$(inherited) @executable_path/Frameworks @loader_path/Frameworks";
				PRODUCT_BUNDLE_IDENTIFIER = ttpai.com.OOPUITests;
				PRODUCT_NAME = "$(TARGET_NAME)";
				TEST_TARGET_NAME = OOP;
			};
			name = Release;
		};
/* End XCBuildConfiguration section */

/* Begin XCConfigurationList section */
		5FD51FAE1D6EFBBF007E6851 /* Build configuration list for PBXProject "OOP" */ = {
			isa = XCConfigurationList;
			buildConfigurations = (
				5FD51FDE1D6EFBBF007E6851 /* Debug */,
				5FD51FDF1D6EFBBF007E6851 /* Release */,
			);
			defaultConfigurationIsVisible = 0;
			defaultConfigurationName = Release;
		};
		5FD51FE01D6EFBBF007E6851 /* Build configuration list for PBXNativeTarget "OOP" */ = {
			isa = XCConfigurationList;
			buildConfigurations = (
				5FD51FE11D6EFBBF007E6851 /* Debug */,
				5FD51FE21D6EFBBF007E6851 /* Release */,
			);
			defaultConfigurationIsVisible = 0;
		};
		5FD51FE31D6EFBBF007E6851 /* Build configuration list for PBXNativeTarget "OOPTests" */ = {
			isa = XCConfigurationList;
			buildConfigurations = (
				5FD51FE41D6EFBBF007E6851 /* Debug */,
				5FD51FE51D6EFBBF007E6851 /* Release */,
			);
			defaultConfigurationIsVisible = 0;
		};
		5FD51FE61D6EFBBF007E6851 /* Build configuration list for PBXNativeTarget "OOPUITests" */ = {
			isa = XCConfigurationList;
			buildConfigurations = (
				5FD51FE71D6EFBBF007E6851 /* Debug */,
				5FD51FE81D6EFBBF007E6851 /* Release */,
			);
			defaultConfigurationIsVisible = 0;
		};
/* End XCConfigurationList section */
	};
	rootObject = 5FD51FAB1D6EFBBF007E6851 /* Project object */;
}
